
Microsoft Visual Studio Solution File, Format Version 12.00
# Visual Studio Version 17
VisualStudioVersion = 17.5.33502.453
MinimumVisualStudioVersion = 10.0.40219.1
Project("{2150E333-8FDC-42A3-9474-1A3956D46DE8}") = "MVVM", "MVVM", "{67220745-3415-4FF0-9FC1-BDCF186E65D7}"
EndProject
Project("{9A19103F-16F7-4668-BE54-9A1E7A4F7556}") = "BlazorMVVM", "BlazorMVVM\BlazorMVVM.csproj", "{12D153FD-BEC8-42EA-99F4-B5159E48C0C6}"
EndProject
Project("{9A19103F-16F7-4668-BE54-9A1E7A4F7556}") = "BlazorTraining", "BlazorTraining\BlazorTraining.csproj", "{58BDB1D7-862D-4688-8471-DAA1E161A0B5}"
EndProject
Project("{9A19103F-16F7-4668-BE54-9A1E7A4F7556}") = "BlazorTrainingApi", "BlazorTrainingApi\BlazorTrainingApi.csproj", "{1AC8FD9A-D52E-402E-AC66-F93DBECB2B98}"
EndProject
Project("{2150E333-8FDC-42A3-9474-1A3956D46DE8}") = "Back", "Back", "{B071094A-34F0-4C76-829C-84D80EB6EC34}"
EndProject
Project("{2150E333-8FDC-42A3-9474-1A3956D46DE8}") = "Front", "Front", "{24B46B0D-EAAA-48F3-8C1F-79690CF67DEB}"
EndProject
Project("{2150E333-8FDC-42A3-9474-1A3956D46DE8}") = "GridView Original", "GridView Original", "{99EDA275-1ECB-481C-96C9-A043F00B7532}"
EndProject
Project("{2150E333-8FDC-42A3-9474-1A3956D46DE8}") = "SAB00600 - GridView Original", "SAB00600 - GridView Original", "{1CF5B1A9-3090-4554-8ED7-60C669F7B702}"
EndProject
Project("{9A19103F-16F7-4668-BE54-9A1E7A4F7556}") = "SAB00600Back", "Back\Back\SAB00600Back\SAB00600Back.csproj", "{BE2CFD13-D072-49CE-84B1-C3404AD28DBE}"
EndProject
Project("{9A19103F-16F7-4668-BE54-9A1E7A4F7556}") = "SAB00600Common", "Back\Common\SAB00600Common\SAB00600Common.csproj", "{BB70A458-D7FB-473D-9665-53613DABC4B0}"
EndProject
Project("{9A19103F-16F7-4668-BE54-9A1E7A4F7556}") = "SAB00600Controller", "Back\Controller\SAB00600Controller\SAB00600Controller.csproj", "{7D9F651F-EF12-48B5-B8D6-4028380F4AFC}"
EndProject
Project("{2150E333-8FDC-42A3-9474-1A3956D46DE8}") = "SAB00700 - GridView Navigator", "SAB00700 - GridView Navigator", "{9FB300C8-EC19-4A02-A17A-46289A249110}"
EndProject
Project("{9A19103F-16F7-4668-BE54-9A1E7A4F7556}") = "SAB00700Common", "Back\Common\SAB00700Common\SAB00700Common.csproj", "{304A0342-587F-4A5F-85DB-080A72C9B07A}"
EndProject
Project("{9A19103F-16F7-4668-BE54-9A1E7A4F7556}") = "SAB00700Back", "Back\Back\SAB00700Back\SAB00700Back.csproj", "{025C559C-7C29-4862-B60E-D30F0B4030F4}"
EndProject
Project("{9A19103F-16F7-4668-BE54-9A1E7A4F7556}") = "SAB00700Controller", "Back\Controller\SAB00700Controller\SAB00700Controller.csproj", "{5CC9E448-AE76-4180-A5BC-1E01EE14AAF8}"
EndProject
Project("{2150E333-8FDC-42A3-9474-1A3956D46DE8}") = "SAB00900 - Find With Conductor", "SAB00900 - Find With Conductor", "{0250723D-5F90-4BF1-90DD-17D24CD63511}"
EndProject
Project("{9A19103F-16F7-4668-BE54-9A1E7A4F7556}") = "SAB00900Common", "Back\Common\SAB00900Common\SAB00900Common.csproj", "{516A80F6-5F30-463A-BFB3-C95BBFA4C23E}"
EndProject
Project("{9A19103F-16F7-4668-BE54-9A1E7A4F7556}") = "SAB00900Back", "Back\Back\SAB00900Back\SAB00900Back.csproj", "{46E0DC55-D499-42E0-8CB0-79EE8FC32C67}"
EndProject
Project("{9A19103F-16F7-4668-BE54-9A1E7A4F7556}") = "SAB00900Controller", "Back\Controller\SAB00900Controller\SAB00900Controller.csproj", "{F7C03946-5815-4D2D-8F23-D3ABA452E3B9}"
EndProject
Project("{2150E333-8FDC-42A3-9474-1A3956D46DE8}") = "SAB01300 - Original and Navigator", "SAB01300 - Original and Navigator", "{0D753659-73BF-4A5C-B503-3CAA4E989C12}"
EndProject
Project("{9A19103F-16F7-4668-BE54-9A1E7A4F7556}") = "SAB01300Common", "Back\Common\SAB01300Common\SAB01300Common.csproj", "{6EFCBBB2-F726-4094-91A3-38AF31302723}"
EndProject
Project("{9A19103F-16F7-4668-BE54-9A1E7A4F7556}") = "SAB01300Back", "Back\Back\SAB01300Back\SAB01300Back.csproj", "{4B8DC2AD-8612-497C-B366-EFDB6DD4DD1A}"
EndProject
Project("{9A19103F-16F7-4668-BE54-9A1E7A4F7556}") = "SAB01300Controller", "Back\Controller\SAB01300Controller\SAB01300Controller.csproj", "{4E4EE381-D3B6-48B9-BBBA-A1C1624C6119}"
EndProject
Project("{9A19103F-16F7-4668-BE54-9A1E7A4F7556}") = "SAB00600Model", "Front\ViewModel\SAB00600Model\SAB00600Model.csproj", "{AE700D16-5F83-430C-900D-F7F5D0A58FD0}"
EndProject
Project("{9A19103F-16F7-4668-BE54-9A1E7A4F7556}") = "SAB00600Front", "Front\Front\SAB00600Front\SAB00600Front.csproj", "{59A95F0A-8736-4D06-8FB7-CC2F9D8261CF}"
EndProject
Project("{2150E333-8FDC-42A3-9474-1A3956D46DE8}") = "Find With Conductor", "Find With Conductor", "{68C38D09-26AC-44AF-8A5F-23D1B26147D2}"
EndProject
Project("{9A19103F-16F7-4668-BE54-9A1E7A4F7556}") = "SAB00900Model", "Front\ViewModel\SAB00900Model\SAB00900Model.csproj", "{5143FFE8-5C39-4DBD-8D3F-E7F7E00503E5}"
EndProject
Project("{9A19103F-16F7-4668-BE54-9A1E7A4F7556}") = "SAB00900Front", "Front\Front\SAB00900Front\SAB00900Front.csproj", "{C91EBFE4-65F2-4BA1-9B17-96C4C7D314E5}"
EndProject
Project("{2150E333-8FDC-42A3-9474-1A3956D46DE8}") = "GridView Navigator", "GridView Navigator", "{74BB1F7B-4151-4716-B437-F1C41D54B92D}"
EndProject
Project("{9A19103F-16F7-4668-BE54-9A1E7A4F7556}") = "SAB00700Model", "Front\ViewModel\SAB00700Model\SAB00700Model.csproj", "{FD118AF1-E496-4497-B520-A3A74A4356EC}"
EndProject
Project("{9A19103F-16F7-4668-BE54-9A1E7A4F7556}") = "SAB00700Front", "Front\Front\SAB00700Front\SAB00700Front.csproj", "{4C37FAF9-0E8B-40CB-966B-91E683EC5D4D}"
EndProject
Project("{2150E333-8FDC-42A3-9474-1A3956D46DE8}") = "SAB01300 - Original and Navigator", "SAB01300 - Original and Navigator", "{CE958486-1FF1-42FB-BFFF-F9C0B816A413}"
EndProject
Project("{9A19103F-16F7-4668-BE54-9A1E7A4F7556}") = "SAB01300Model", "Front\ViewModel\SAB01300Model\SAB01300Model.csproj", "{14BF0195-EA5B-4A9A-B18A-7CB72BF56C23}"
EndProject
Project("{9A19103F-16F7-4668-BE54-9A1E7A4F7556}") = "SAB01300Front", "Front\Front\SAB01300Front\SAB01300Front.csproj", "{B775BEE8-298E-4766-8BC8-9A67A730B51C}"
EndProject
Project("{2150E333-8FDC-42A3-9474-1A3956D46DE8}") = "Helper", "Helper", "{E3A282D6-AC58-486C-BFF8-2CB078BDE191}"
EndProject
Project("{9A19103F-16F7-4668-BE54-9A1E7A4F7556}") = "BlazorClientHelper", "BlazorClientHelper\BlazorClientHelper.csproj", "{C3E3A740-7DF0-49E5-A001-3B7A5B7CF89F}"
EndProject
Project("{2150E333-8FDC-42A3-9474-1A3956D46DE8}") = "Menu", "Menu", "{24CF6434-66CD-4015-AF7B-4DEA982BE12A}"
EndProject
Project("{9A19103F-16F7-4668-BE54-9A1E7A4F7556}") = "BlazorTrainingCommon", "BlazorTrainingCommon\BlazorTrainingCommon.csproj", "{6577BB0D-31FD-42C6-8318-32CCC138145F}"
EndProject
Project("{9A19103F-16F7-4668-BE54-9A1E7A4F7556}") = "SAB00900FrontResources", "Front\Resources\SAB00900FrontResources\SAB00900FrontResources.csproj", "{CB581EB3-1840-41B4-92CD-755746EDA384}"
EndProject
Project("{9A19103F-16F7-4668-BE54-9A1E7A4F7556}") = "SAB01400Front", "Front\Front\SAB01400Front\SAB01400Front.csproj", "{CBA6E36D-6B07-4BB3-B7BB-D55931FDBD59}"
EndProject
Project("{2150E333-8FDC-42A3-9474-1A3956D46DE8}") = "LookUpBack", "LookUpBack", "{98D6ED91-6D21-4774-BD63-1936F1069393}"
EndProject
Project("{2150E333-8FDC-42A3-9474-1A3956D46DE8}") = "SAB00100", "SAB00100", "{F568569C-5182-4B04-88EA-1E74D2994091}"
EndProject
Project("{9A19103F-16F7-4668-BE54-9A1E7A4F7556}") = "SAB00100Back", "Back\Back\SAB00100Back\SAB00100Back.csproj", "{DEBEC48E-0CBD-4569-B6DC-105AE9A8F5FF}"
EndProject
Project("{9A19103F-16F7-4668-BE54-9A1E7A4F7556}") = "SAB00100Common", "Back\Common\SAB00100Common\SAB00100Common.csproj", "{2467111E-2A36-4C4B-A6DD-71C6FCA4A9EE}"
EndProject
Project("{9A19103F-16F7-4668-BE54-9A1E7A4F7556}") = "SAB00100Controller", "Back\Controller\SAB00100Controller\SAB00100Controller.csproj", "{D325251E-6A1A-464E-B8A8-F5116ABEED1C}"
EndProject
Project("{2150E333-8FDC-42A3-9474-1A3956D46DE8}") = "SAB00100Front", "SAB00100Front", "{288DB464-7711-4D54-B272-46DC704FF4C0}"
EndProject
Project("{9A19103F-16F7-4668-BE54-9A1E7A4F7556}") = "SAB00100Model", "SAB00100Model\SAB00100Model.csproj", "{57CE06A3-2B2A-4059-A9C3-C04F8CC4215A}"
EndProject
Project("{9A19103F-16F7-4668-BE54-9A1E7A4F7556}") = "SAB00100Front", "SAB00100Front\SAB00100Front.csproj", "{C49C6B70-7D3F-4BEE-805D-E9FED2BDAFD7}"
EndProject
Project("{9A19103F-16F7-4668-BE54-9A1E7A4F7556}") = "SAB00100FrontResources", "SAB00100FrontResources\SAB00100FrontResources.csproj", "{BB306560-132C-4312-B841-EE44C227BC58}"
EndProject
Project("{2150E333-8FDC-42A3-9474-1A3956D46DE8}") = "SAB00400", "SAB00400", "{1BA191F2-B1B8-4396-910A-7CD2C9DCD24C}"
EndProject
Project("{9A19103F-16F7-4668-BE54-9A1E7A4F7556}") = "SAB00400Common", "SAB00400Common\SAB00400Common.csproj", "{DACF8F21-0EC4-490A-BE9E-59CC8833406A}"
EndProject
Project("{9A19103F-16F7-4668-BE54-9A1E7A4F7556}") = "SAB00400Back", "SAB00400Back\SAB00400Back.csproj", "{17DA2F71-9A97-49E3-B006-3B1DA05B52A4}"
EndProject
Project("{9A19103F-16F7-4668-BE54-9A1E7A4F7556}") = "SAB00400Controller", "SAB00400Controller\SAB00400Controller.csproj", "{07E230E6-2E09-4DFB-BE35-D7E412121EEF}"
EndProject
Project("{2150E333-8FDC-42A3-9474-1A3956D46DE8}") = "SAB00400Front", "SAB00400Front", "{EE66FC01-C88F-4948-908E-97A9A95B96C7}"
EndProject
Project("{9A19103F-16F7-4668-BE54-9A1E7A4F7556}") = "SAB00400Model", "SAB00400Model\SAB00400Model.csproj", "{DDC20F64-CDC7-4230-A868-29EE3F851E72}"
EndProject
Project("{9A19103F-16F7-4668-BE54-9A1E7A4F7556}") = "SAB00400Front", "SAB00400Front\SAB00400Front.csproj", "{B7D27DDE-8D2B-4AAA-B9B2-4188DDC65E9E}"
EndProject
Project("{9A19103F-16F7-4668-BE54-9A1E7A4F7556}") = "PublicLookupBack", "Back\Back\PublicLookupBack\PublicLookupBack.csproj", "{F9E06706-37A0-4948-971F-EB7EC2FB6F58}"
EndProject
Project("{9A19103F-16F7-4668-BE54-9A1E7A4F7556}") = "PublicLookupCommon", "Back\Common\PublicLookupCommon\PublicLookupCommon.csproj", "{743DCC2D-73DB-4F6F-B858-43F954E387F9}"
EndProject
Project("{9A19103F-16F7-4668-BE54-9A1E7A4F7556}") = "PublicLookupController", "Back\Controller\PublicLookupController\PublicLookupController.csproj", "{281E50D5-FC36-4C43-9FFE-99C264881C32}"
EndProject
Project("{2150E333-8FDC-42A3-9474-1A3956D46DE8}") = "LookUpBack", "LookUpBack", "{962D1F26-0975-464E-8566-1FBDA9F76D48}"
EndProject
Project("{9A19103F-16F7-4668-BE54-9A1E7A4F7556}") = "PublicLookupFront", "Front\Front\PublicLookupFront\PublicLookupFront.csproj", "{3F8F3D9A-EAD2-4BC0-973B-E2D2A6FEA145}"
EndProject
Project("{9A19103F-16F7-4668-BE54-9A1E7A4F7556}") = "PublicLookupModel", "Front\ViewModel\PublicLookupModel\PublicLookupModel.csproj", "{0BA30C5A-C518-44F1-A10D-950443E09367}"
EndProject
Global
	GlobalSection(SolutionConfigurationPlatforms) = preSolution
		Debug|Any CPU = Debug|Any CPU
		Release|Any CPU = Release|Any CPU
	EndGlobalSection
	GlobalSection(ProjectConfigurationPlatforms) = postSolution
		{12D153FD-BEC8-42EA-99F4-B5159E48C0C6}.Debug|Any CPU.ActiveCfg = Debug|Any CPU
		{12D153FD-BEC8-42EA-99F4-B5159E48C0C6}.Debug|Any CPU.Build.0 = Debug|Any CPU
		{12D153FD-BEC8-42EA-99F4-B5159E48C0C6}.Release|Any CPU.ActiveCfg = Release|Any CPU
		{12D153FD-BEC8-42EA-99F4-B5159E48C0C6}.Release|Any CPU.Build.0 = Release|Any CPU
		{58BDB1D7-862D-4688-8471-DAA1E161A0B5}.Debug|Any CPU.ActiveCfg = Debug|Any CPU
		{58BDB1D7-862D-4688-8471-DAA1E161A0B5}.Debug|Any CPU.Build.0 = Debug|Any CPU
		{58BDB1D7-862D-4688-8471-DAA1E161A0B5}.Release|Any CPU.ActiveCfg = Release|Any CPU
		{58BDB1D7-862D-4688-8471-DAA1E161A0B5}.Release|Any CPU.Build.0 = Release|Any CPU
		{1AC8FD9A-D52E-402E-AC66-F93DBECB2B98}.Debug|Any CPU.ActiveCfg = Debug|Any CPU
		{1AC8FD9A-D52E-402E-AC66-F93DBECB2B98}.Debug|Any CPU.Build.0 = Debug|Any CPU
		{1AC8FD9A-D52E-402E-AC66-F93DBECB2B98}.Release|Any CPU.ActiveCfg = Release|Any CPU
		{1AC8FD9A-D52E-402E-AC66-F93DBECB2B98}.Release|Any CPU.Build.0 = Release|Any CPU
		{BE2CFD13-D072-49CE-84B1-C3404AD28DBE}.Debug|Any CPU.ActiveCfg = Debug|Any CPU
		{BE2CFD13-D072-49CE-84B1-C3404AD28DBE}.Debug|Any CPU.Build.0 = Debug|Any CPU
		{BE2CFD13-D072-49CE-84B1-C3404AD28DBE}.Release|Any CPU.ActiveCfg = Release|Any CPU
		{BE2CFD13-D072-49CE-84B1-C3404AD28DBE}.Release|Any CPU.Build.0 = Release|Any CPU
		{BB70A458-D7FB-473D-9665-53613DABC4B0}.Debug|Any CPU.ActiveCfg = Debug|Any CPU
		{BB70A458-D7FB-473D-9665-53613DABC4B0}.Debug|Any CPU.Build.0 = Debug|Any CPU
		{BB70A458-D7FB-473D-9665-53613DABC4B0}.Release|Any CPU.ActiveCfg = Release|Any CPU
		{BB70A458-D7FB-473D-9665-53613DABC4B0}.Release|Any CPU.Build.0 = Release|Any CPU
		{7D9F651F-EF12-48B5-B8D6-4028380F4AFC}.Debug|Any CPU.ActiveCfg = Debug|Any CPU
		{7D9F651F-EF12-48B5-B8D6-4028380F4AFC}.Debug|Any CPU.Build.0 = Debug|Any CPU
		{7D9F651F-EF12-48B5-B8D6-4028380F4AFC}.Release|Any CPU.ActiveCfg = Release|Any CPU
		{7D9F651F-EF12-48B5-B8D6-4028380F4AFC}.Release|Any CPU.Build.0 = Release|Any CPU
		{304A0342-587F-4A5F-85DB-080A72C9B07A}.Debug|Any CPU.ActiveCfg = Debug|Any CPU
		{304A0342-587F-4A5F-85DB-080A72C9B07A}.Debug|Any CPU.Build.0 = Debug|Any CPU
		{304A0342-587F-4A5F-85DB-080A72C9B07A}.Release|Any CPU.ActiveCfg = Release|Any CPU
		{304A0342-587F-4A5F-85DB-080A72C9B07A}.Release|Any CPU.Build.0 = Release|Any CPU
		{025C559C-7C29-4862-B60E-D30F0B4030F4}.Debug|Any CPU.ActiveCfg = Debug|Any CPU
		{025C559C-7C29-4862-B60E-D30F0B4030F4}.Debug|Any CPU.Build.0 = Debug|Any CPU
		{025C559C-7C29-4862-B60E-D30F0B4030F4}.Release|Any CPU.ActiveCfg = Release|Any CPU
		{025C559C-7C29-4862-B60E-D30F0B4030F4}.Release|Any CPU.Build.0 = Release|Any CPU
		{5CC9E448-AE76-4180-A5BC-1E01EE14AAF8}.Debug|Any CPU.ActiveCfg = Debug|Any CPU
		{5CC9E448-AE76-4180-A5BC-1E01EE14AAF8}.Debug|Any CPU.Build.0 = Debug|Any CPU
		{5CC9E448-AE76-4180-A5BC-1E01EE14AAF8}.Release|Any CPU.ActiveCfg = Release|Any CPU
		{5CC9E448-AE76-4180-A5BC-1E01EE14AAF8}.Release|Any CPU.Build.0 = Release|Any CPU
		{516A80F6-5F30-463A-BFB3-C95BBFA4C23E}.Debug|Any CPU.ActiveCfg = Debug|Any CPU
		{516A80F6-5F30-463A-BFB3-C95BBFA4C23E}.Debug|Any CPU.Build.0 = Debug|Any CPU
		{516A80F6-5F30-463A-BFB3-C95BBFA4C23E}.Release|Any CPU.ActiveCfg = Release|Any CPU
		{516A80F6-5F30-463A-BFB3-C95BBFA4C23E}.Release|Any CPU.Build.0 = Release|Any CPU
		{46E0DC55-D499-42E0-8CB0-79EE8FC32C67}.Debug|Any CPU.ActiveCfg = Debug|Any CPU
		{46E0DC55-D499-42E0-8CB0-79EE8FC32C67}.Debug|Any CPU.Build.0 = Debug|Any CPU
		{46E0DC55-D499-42E0-8CB0-79EE8FC32C67}.Release|Any CPU.ActiveCfg = Release|Any CPU
		{46E0DC55-D499-42E0-8CB0-79EE8FC32C67}.Release|Any CPU.Build.0 = Release|Any CPU
		{F7C03946-5815-4D2D-8F23-D3ABA452E3B9}.Debug|Any CPU.ActiveCfg = Debug|Any CPU
		{F7C03946-5815-4D2D-8F23-D3ABA452E3B9}.Debug|Any CPU.Build.0 = Debug|Any CPU
		{F7C03946-5815-4D2D-8F23-D3ABA452E3B9}.Release|Any CPU.ActiveCfg = Release|Any CPU
		{F7C03946-5815-4D2D-8F23-D3ABA452E3B9}.Release|Any CPU.Build.0 = Release|Any CPU
		{6EFCBBB2-F726-4094-91A3-38AF31302723}.Debug|Any CPU.ActiveCfg = Debug|Any CPU
		{6EFCBBB2-F726-4094-91A3-38AF31302723}.Debug|Any CPU.Build.0 = Debug|Any CPU
		{6EFCBBB2-F726-4094-91A3-38AF31302723}.Release|Any CPU.ActiveCfg = Release|Any CPU
		{6EFCBBB2-F726-4094-91A3-38AF31302723}.Release|Any CPU.Build.0 = Release|Any CPU
		{4B8DC2AD-8612-497C-B366-EFDB6DD4DD1A}.Debug|Any CPU.ActiveCfg = Debug|Any CPU
		{4B8DC2AD-8612-497C-B366-EFDB6DD4DD1A}.Debug|Any CPU.Build.0 = Debug|Any CPU
		{4B8DC2AD-8612-497C-B366-EFDB6DD4DD1A}.Release|Any CPU.ActiveCfg = Release|Any CPU
		{4B8DC2AD-8612-497C-B366-EFDB6DD4DD1A}.Release|Any CPU.Build.0 = Release|Any CPU
		{4E4EE381-D3B6-48B9-BBBA-A1C1624C6119}.Debug|Any CPU.ActiveCfg = Debug|Any CPU
		{4E4EE381-D3B6-48B9-BBBA-A1C1624C6119}.Debug|Any CPU.Build.0 = Debug|Any CPU
		{4E4EE381-D3B6-48B9-BBBA-A1C1624C6119}.Release|Any CPU.ActiveCfg = Release|Any CPU
		{4E4EE381-D3B6-48B9-BBBA-A1C1624C6119}.Release|Any CPU.Build.0 = Release|Any CPU
		{AE700D16-5F83-430C-900D-F7F5D0A58FD0}.Debug|Any CPU.ActiveCfg = Debug|Any CPU
		{AE700D16-5F83-430C-900D-F7F5D0A58FD0}.Debug|Any CPU.Build.0 = Debug|Any CPU
		{AE700D16-5F83-430C-900D-F7F5D0A58FD0}.Release|Any CPU.ActiveCfg = Release|Any CPU
		{AE700D16-5F83-430C-900D-F7F5D0A58FD0}.Release|Any CPU.Build.0 = Release|Any CPU
		{59A95F0A-8736-4D06-8FB7-CC2F9D8261CF}.Debug|Any CPU.ActiveCfg = Debug|Any CPU
		{59A95F0A-8736-4D06-8FB7-CC2F9D8261CF}.Debug|Any CPU.Build.0 = Debug|Any CPU
		{59A95F0A-8736-4D06-8FB7-CC2F9D8261CF}.Release|Any CPU.ActiveCfg = Release|Any CPU
		{59A95F0A-8736-4D06-8FB7-CC2F9D8261CF}.Release|Any CPU.Build.0 = Release|Any CPU
		{5143FFE8-5C39-4DBD-8D3F-E7F7E00503E5}.Debug|Any CPU.ActiveCfg = Debug|Any CPU
		{5143FFE8-5C39-4DBD-8D3F-E7F7E00503E5}.Debug|Any CPU.Build.0 = Debug|Any CPU
		{5143FFE8-5C39-4DBD-8D3F-E7F7E00503E5}.Release|Any CPU.ActiveCfg = Release|Any CPU
		{5143FFE8-5C39-4DBD-8D3F-E7F7E00503E5}.Release|Any CPU.Build.0 = Release|Any CPU
		{C91EBFE4-65F2-4BA1-9B17-96C4C7D314E5}.Debug|Any CPU.ActiveCfg = Debug|Any CPU
		{C91EBFE4-65F2-4BA1-9B17-96C4C7D314E5}.Debug|Any CPU.Build.0 = Debug|Any CPU
		{C91EBFE4-65F2-4BA1-9B17-96C4C7D314E5}.Release|Any CPU.ActiveCfg = Release|Any CPU
		{C91EBFE4-65F2-4BA1-9B17-96C4C7D314E5}.Release|Any CPU.Build.0 = Release|Any CPU
		{FD118AF1-E496-4497-B520-A3A74A4356EC}.Debug|Any CPU.ActiveCfg = Debug|Any CPU
		{FD118AF1-E496-4497-B520-A3A74A4356EC}.Debug|Any CPU.Build.0 = Debug|Any CPU
		{FD118AF1-E496-4497-B520-A3A74A4356EC}.Release|Any CPU.ActiveCfg = Release|Any CPU
		{FD118AF1-E496-4497-B520-A3A74A4356EC}.Release|Any CPU.Build.0 = Release|Any CPU
		{4C37FAF9-0E8B-40CB-966B-91E683EC5D4D}.Debug|Any CPU.ActiveCfg = Debug|Any CPU
		{4C37FAF9-0E8B-40CB-966B-91E683EC5D4D}.Debug|Any CPU.Build.0 = Debug|Any CPU
		{4C37FAF9-0E8B-40CB-966B-91E683EC5D4D}.Release|Any CPU.ActiveCfg = Release|Any CPU
		{4C37FAF9-0E8B-40CB-966B-91E683EC5D4D}.Release|Any CPU.Build.0 = Release|Any CPU
		{14BF0195-EA5B-4A9A-B18A-7CB72BF56C23}.Debug|Any CPU.ActiveCfg = Debug|Any CPU
		{14BF0195-EA5B-4A9A-B18A-7CB72BF56C23}.Debug|Any CPU.Build.0 = Debug|Any CPU
		{14BF0195-EA5B-4A9A-B18A-7CB72BF56C23}.Release|Any CPU.ActiveCfg = Release|Any CPU
		{14BF0195-EA5B-4A9A-B18A-7CB72BF56C23}.Release|Any CPU.Build.0 = Release|Any CPU
		{B775BEE8-298E-4766-8BC8-9A67A730B51C}.Debug|Any CPU.ActiveCfg = Debug|Any CPU
		{B775BEE8-298E-4766-8BC8-9A67A730B51C}.Debug|Any CPU.Build.0 = Debug|Any CPU
		{B775BEE8-298E-4766-8BC8-9A67A730B51C}.Release|Any CPU.ActiveCfg = Release|Any CPU
		{B775BEE8-298E-4766-8BC8-9A67A730B51C}.Release|Any CPU.Build.0 = Release|Any CPU
		{C3E3A740-7DF0-49E5-A001-3B7A5B7CF89F}.Debug|Any CPU.ActiveCfg = Debug|Any CPU
		{C3E3A740-7DF0-49E5-A001-3B7A5B7CF89F}.Debug|Any CPU.Build.0 = Debug|Any CPU
		{C3E3A740-7DF0-49E5-A001-3B7A5B7CF89F}.Release|Any CPU.ActiveCfg = Release|Any CPU
		{C3E3A740-7DF0-49E5-A001-3B7A5B7CF89F}.Release|Any CPU.Build.0 = Release|Any CPU
		{6577BB0D-31FD-42C6-8318-32CCC138145F}.Debug|Any CPU.ActiveCfg = Debug|Any CPU
		{6577BB0D-31FD-42C6-8318-32CCC138145F}.Debug|Any CPU.Build.0 = Debug|Any CPU
		{6577BB0D-31FD-42C6-8318-32CCC138145F}.Release|Any CPU.ActiveCfg = Release|Any CPU
		{6577BB0D-31FD-42C6-8318-32CCC138145F}.Release|Any CPU.Build.0 = Release|Any CPU
		{CB581EB3-1840-41B4-92CD-755746EDA384}.Debug|Any CPU.ActiveCfg = Debug|Any CPU
		{CB581EB3-1840-41B4-92CD-755746EDA384}.Debug|Any CPU.Build.0 = Debug|Any CPU
		{CB581EB3-1840-41B4-92CD-755746EDA384}.Release|Any CPU.ActiveCfg = Release|Any CPU
		{CB581EB3-1840-41B4-92CD-755746EDA384}.Release|Any CPU.Build.0 = Release|Any CPU
		{CBA6E36D-6B07-4BB3-B7BB-D55931FDBD59}.Debug|Any CPU.ActiveCfg = Debug|Any CPU
		{CBA6E36D-6B07-4BB3-B7BB-D55931FDBD59}.Debug|Any CPU.Build.0 = Debug|Any CPU
		{CBA6E36D-6B07-4BB3-B7BB-D55931FDBD59}.Release|Any CPU.ActiveCfg = Release|Any CPU
		{CBA6E36D-6B07-4BB3-B7BB-D55931FDBD59}.Release|Any CPU.Build.0 = Release|Any CPU
		{DEBEC48E-0CBD-4569-B6DC-105AE9A8F5FF}.Debug|Any CPU.ActiveCfg = Debug|Any CPU
		{DEBEC48E-0CBD-4569-B6DC-105AE9A8F5FF}.Debug|Any CPU.Build.0 = Debug|Any CPU
		{DEBEC48E-0CBD-4569-B6DC-105AE9A8F5FF}.Release|Any CPU.ActiveCfg = Release|Any CPU
		{DEBEC48E-0CBD-4569-B6DC-105AE9A8F5FF}.Release|Any CPU.Build.0 = Release|Any CPU
		{2467111E-2A36-4C4B-A6DD-71C6FCA4A9EE}.Debug|Any CPU.ActiveCfg = Debug|Any CPU
		{2467111E-2A36-4C4B-A6DD-71C6FCA4A9EE}.Debug|Any CPU.Build.0 = Debug|Any CPU
		{2467111E-2A36-4C4B-A6DD-71C6FCA4A9EE}.Release|Any CPU.ActiveCfg = Release|Any CPU
		{2467111E-2A36-4C4B-A6DD-71C6FCA4A9EE}.Release|Any CPU.Build.0 = Release|Any CPU
		{D325251E-6A1A-464E-B8A8-F5116ABEED1C}.Debug|Any CPU.ActiveCfg = Debug|Any CPU
		{D325251E-6A1A-464E-B8A8-F5116ABEED1C}.Debug|Any CPU.Build.0 = Debug|Any CPU
		{D325251E-6A1A-464E-B8A8-F5116ABEED1C}.Release|Any CPU.ActiveCfg = Release|Any CPU
		{D325251E-6A1A-464E-B8A8-F5116ABEED1C}.Release|Any CPU.Build.0 = Release|Any CPU
		{57CE06A3-2B2A-4059-A9C3-C04F8CC4215A}.Debug|Any CPU.ActiveCfg = Debug|Any CPU
		{57CE06A3-2B2A-4059-A9C3-C04F8CC4215A}.Debug|Any CPU.Build.0 = Debug|Any CPU
		{57CE06A3-2B2A-4059-A9C3-C04F8CC4215A}.Release|Any CPU.ActiveCfg = Release|Any CPU
		{57CE06A3-2B2A-4059-A9C3-C04F8CC4215A}.Release|Any CPU.Build.0 = Release|Any CPU
		{C49C6B70-7D3F-4BEE-805D-E9FED2BDAFD7}.Debug|Any CPU.ActiveCfg = Debug|Any CPU
		{C49C6B70-7D3F-4BEE-805D-E9FED2BDAFD7}.Debug|Any CPU.Build.0 = Debug|Any CPU
		{C49C6B70-7D3F-4BEE-805D-E9FED2BDAFD7}.Release|Any CPU.ActiveCfg = Release|Any CPU
		{C49C6B70-7D3F-4BEE-805D-E9FED2BDAFD7}.Release|Any CPU.Build.0 = Release|Any CPU
		{BB306560-132C-4312-B841-EE44C227BC58}.Debug|Any CPU.ActiveCfg = Debug|Any CPU
		{BB306560-132C-4312-B841-EE44C227BC58}.Debug|Any CPU.Build.0 = Debug|Any CPU
		{BB306560-132C-4312-B841-EE44C227BC58}.Release|Any CPU.ActiveCfg = Release|Any CPU
		{BB306560-132C-4312-B841-EE44C227BC58}.Release|Any CPU.Build.0 = Release|Any CPU
		{DACF8F21-0EC4-490A-BE9E-59CC8833406A}.Debug|Any CPU.ActiveCfg = Debug|Any CPU
		{DACF8F21-0EC4-490A-BE9E-59CC8833406A}.Debug|Any CPU.Build.0 = Debug|Any CPU
		{DACF8F21-0EC4-490A-BE9E-59CC8833406A}.Release|Any CPU.ActiveCfg = Release|Any CPU
		{DACF8F21-0EC4-490A-BE9E-59CC8833406A}.Release|Any CPU.Build.0 = Release|Any CPU
		{17DA2F71-9A97-49E3-B006-3B1DA05B52A4}.Debug|Any CPU.ActiveCfg = Debug|Any CPU
		{17DA2F71-9A97-49E3-B006-3B1DA05B52A4}.Debug|Any CPU.Build.0 = Debug|Any CPU
		{17DA2F71-9A97-49E3-B006-3B1DA05B52A4}.Release|Any CPU.ActiveCfg = Release|Any CPU
		{17DA2F71-9A97-49E3-B006-3B1DA05B52A4}.Release|Any CPU.Build.0 = Release|Any CPU
		{07E230E6-2E09-4DFB-BE35-D7E412121EEF}.Debug|Any CPU.ActiveCfg = Debug|Any CPU
		{07E230E6-2E09-4DFB-BE35-D7E412121EEF}.Debug|Any CPU.Build.0 = Debug|Any CPU
		{07E230E6-2E09-4DFB-BE35-D7E412121EEF}.Release|Any CPU.ActiveCfg = Release|Any CPU
		{07E230E6-2E09-4DFB-BE35-D7E412121EEF}.Release|Any CPU.Build.0 = Release|Any CPU
		{DDC20F64-CDC7-4230-A868-29EE3F851E72}.Debug|Any CPU.ActiveCfg = Debug|Any CPU
		{DDC20F64-CDC7-4230-A868-29EE3F851E72}.Debug|Any CPU.Build.0 = Debug|Any CPU
		{DDC20F64-CDC7-4230-A868-29EE3F851E72}.Release|Any CPU.ActiveCfg = Release|Any CPU
		{DDC20F64-CDC7-4230-A868-29EE3F851E72}.Release|Any CPU.Build.0 = Release|Any CPU
		{B7D27DDE-8D2B-4AAA-B9B2-4188DDC65E9E}.Debug|Any CPU.ActiveCfg = Debug|Any CPU
		{B7D27DDE-8D2B-4AAA-B9B2-4188DDC65E9E}.Debug|Any CPU.Build.0 = Debug|Any CPU
		{B7D27DDE-8D2B-4AAA-B9B2-4188DDC65E9E}.Release|Any CPU.ActiveCfg = Release|Any CPU
		{B7D27DDE-8D2B-4AAA-B9B2-4188DDC65E9E}.Release|Any CPU.Build.0 = Release|Any CPU
		{F9E06706-37A0-4948-971F-EB7EC2FB6F58}.Debug|Any CPU.ActiveCfg = Debug|Any CPU
		{F9E06706-37A0-4948-971F-EB7EC2FB6F58}.Debug|Any CPU.Build.0 = Debug|Any CPU
		{F9E06706-37A0-4948-971F-EB7EC2FB6F58}.Release|Any CPU.ActiveCfg = Release|Any CPU
		{F9E06706-37A0-4948-971F-EB7EC2FB6F58}.Release|Any CPU.Build.0 = Release|Any CPU
		{743DCC2D-73DB-4F6F-B858-43F954E387F9}.Debug|Any CPU.ActiveCfg = Debug|Any CPU
		{743DCC2D-73DB-4F6F-B858-43F954E387F9}.Debug|Any CPU.Build.0 = Debug|Any CPU
		{743DCC2D-73DB-4F6F-B858-43F954E387F9}.Release|Any CPU.ActiveCfg = Release|Any CPU
		{743DCC2D-73DB-4F6F-B858-43F954E387F9}.Release|Any CPU.Build.0 = Release|Any CPU
		{281E50D5-FC36-4C43-9FFE-99C264881C32}.Debug|Any CPU.ActiveCfg = Debug|Any CPU
		{281E50D5-FC36-4C43-9FFE-99C264881C32}.Debug|Any CPU.Build.0 = Debug|Any CPU
		{281E50D5-FC36-4C43-9FFE-99C264881C32}.Release|Any CPU.ActiveCfg = Release|Any CPU
		{281E50D5-FC36-4C43-9FFE-99C264881C32}.Release|Any CPU.Build.0 = Release|Any CPU
		{3F8F3D9A-EAD2-4BC0-973B-E2D2A6FEA145}.Debug|Any CPU.ActiveCfg = Debug|Any CPU
		{3F8F3D9A-EAD2-4BC0-973B-E2D2A6FEA145}.Debug|Any CPU.Build.0 = Debug|Any CPU
		{3F8F3D9A-EAD2-4BC0-973B-E2D2A6FEA145}.Release|Any CPU.ActiveCfg = Release|Any CPU
		{3F8F3D9A-EAD2-4BC0-973B-E2D2A6FEA145}.Release|Any CPU.Build.0 = Release|Any CPU
		{0BA30C5A-C518-44F1-A10D-950443E09367}.Debug|Any CPU.ActiveCfg = Debug|Any CPU
		{0BA30C5A-C518-44F1-A10D-950443E09367}.Debug|Any CPU.Build.0 = Debug|Any CPU
		{0BA30C5A-C518-44F1-A10D-950443E09367}.Release|Any CPU.ActiveCfg = Release|Any CPU
		{0BA30C5A-C518-44F1-A10D-950443E09367}.Release|Any CPU.Build.0 = Release|Any CPU
	EndGlobalSection
	GlobalSection(SolutionProperties) = preSolution
		HideSolutionNode = FALSE
	EndGlobalSection
	GlobalSection(NestedProjects) = preSolution
		{12D153FD-BEC8-42EA-99F4-B5159E48C0C6} = {67220745-3415-4FF0-9FC1-BDCF186E65D7}
		{58BDB1D7-862D-4688-8471-DAA1E161A0B5} = {24CF6434-66CD-4015-AF7B-4DEA982BE12A}
		{99EDA275-1ECB-481C-96C9-A043F00B7532} = {24B46B0D-EAAA-48F3-8C1F-79690CF67DEB}
		{1CF5B1A9-3090-4554-8ED7-60C669F7B702} = {B071094A-34F0-4C76-829C-84D80EB6EC34}
		{BE2CFD13-D072-49CE-84B1-C3404AD28DBE} = {1CF5B1A9-3090-4554-8ED7-60C669F7B702}
		{BB70A458-D7FB-473D-9665-53613DABC4B0} = {1CF5B1A9-3090-4554-8ED7-60C669F7B702}
		{7D9F651F-EF12-48B5-B8D6-4028380F4AFC} = {1CF5B1A9-3090-4554-8ED7-60C669F7B702}
		{9FB300C8-EC19-4A02-A17A-46289A249110} = {B071094A-34F0-4C76-829C-84D80EB6EC34}
		{304A0342-587F-4A5F-85DB-080A72C9B07A} = {9FB300C8-EC19-4A02-A17A-46289A249110}
		{025C559C-7C29-4862-B60E-D30F0B4030F4} = {9FB300C8-EC19-4A02-A17A-46289A249110}
		{5CC9E448-AE76-4180-A5BC-1E01EE14AAF8} = {9FB300C8-EC19-4A02-A17A-46289A249110}
		{0250723D-5F90-4BF1-90DD-17D24CD63511} = {B071094A-34F0-4C76-829C-84D80EB6EC34}
		{516A80F6-5F30-463A-BFB3-C95BBFA4C23E} = {0250723D-5F90-4BF1-90DD-17D24CD63511}
		{46E0DC55-D499-42E0-8CB0-79EE8FC32C67} = {0250723D-5F90-4BF1-90DD-17D24CD63511}
		{F7C03946-5815-4D2D-8F23-D3ABA452E3B9} = {0250723D-5F90-4BF1-90DD-17D24CD63511}
		{0D753659-73BF-4A5C-B503-3CAA4E989C12} = {B071094A-34F0-4C76-829C-84D80EB6EC34}
		{6EFCBBB2-F726-4094-91A3-38AF31302723} = {0D753659-73BF-4A5C-B503-3CAA4E989C12}
		{4B8DC2AD-8612-497C-B366-EFDB6DD4DD1A} = {0D753659-73BF-4A5C-B503-3CAA4E989C12}
		{4E4EE381-D3B6-48B9-BBBA-A1C1624C6119} = {0D753659-73BF-4A5C-B503-3CAA4E989C12}
		{AE700D16-5F83-430C-900D-F7F5D0A58FD0} = {99EDA275-1ECB-481C-96C9-A043F00B7532}
		{59A95F0A-8736-4D06-8FB7-CC2F9D8261CF} = {99EDA275-1ECB-481C-96C9-A043F00B7532}
		{68C38D09-26AC-44AF-8A5F-23D1B26147D2} = {24B46B0D-EAAA-48F3-8C1F-79690CF67DEB}
		{5143FFE8-5C39-4DBD-8D3F-E7F7E00503E5} = {68C38D09-26AC-44AF-8A5F-23D1B26147D2}
		{C91EBFE4-65F2-4BA1-9B17-96C4C7D314E5} = {68C38D09-26AC-44AF-8A5F-23D1B26147D2}
		{74BB1F7B-4151-4716-B437-F1C41D54B92D} = {24B46B0D-EAAA-48F3-8C1F-79690CF67DEB}
		{FD118AF1-E496-4497-B520-A3A74A4356EC} = {74BB1F7B-4151-4716-B437-F1C41D54B92D}
		{4C37FAF9-0E8B-40CB-966B-91E683EC5D4D} = {74BB1F7B-4151-4716-B437-F1C41D54B92D}
		{CE958486-1FF1-42FB-BFFF-F9C0B816A413} = {24B46B0D-EAAA-48F3-8C1F-79690CF67DEB}
		{14BF0195-EA5B-4A9A-B18A-7CB72BF56C23} = {CE958486-1FF1-42FB-BFFF-F9C0B816A413}
		{B775BEE8-298E-4766-8BC8-9A67A730B51C} = {CE958486-1FF1-42FB-BFFF-F9C0B816A413}
		{C3E3A740-7DF0-49E5-A001-3B7A5B7CF89F} = {E3A282D6-AC58-486C-BFF8-2CB078BDE191}
		{6577BB0D-31FD-42C6-8318-32CCC138145F} = {24CF6434-66CD-4015-AF7B-4DEA982BE12A}
		{CB581EB3-1840-41B4-92CD-755746EDA384} = {68C38D09-26AC-44AF-8A5F-23D1B26147D2}
		{CBA6E36D-6B07-4BB3-B7BB-D55931FDBD59} = {24B46B0D-EAAA-48F3-8C1F-79690CF67DEB}
		{98D6ED91-6D21-4774-BD63-1936F1069393} = {B071094A-34F0-4C76-829C-84D80EB6EC34}
		{F568569C-5182-4B04-88EA-1E74D2994091} = {B071094A-34F0-4C76-829C-84D80EB6EC34}
		{DEBEC48E-0CBD-4569-B6DC-105AE9A8F5FF} = {F568569C-5182-4B04-88EA-1E74D2994091}
		{2467111E-2A36-4C4B-A6DD-71C6FCA4A9EE} = {F568569C-5182-4B04-88EA-1E74D2994091}
		{D325251E-6A1A-464E-B8A8-F5116ABEED1C} = {F568569C-5182-4B04-88EA-1E74D2994091}
		{288DB464-7711-4D54-B272-46DC704FF4C0} = {24B46B0D-EAAA-48F3-8C1F-79690CF67DEB}
		{57CE06A3-2B2A-4059-A9C3-C04F8CC4215A} = {288DB464-7711-4D54-B272-46DC704FF4C0}
		{C49C6B70-7D3F-4BEE-805D-E9FED2BDAFD7} = {288DB464-7711-4D54-B272-46DC704FF4C0}
		{BB306560-132C-4312-B841-EE44C227BC58} = {288DB464-7711-4D54-B272-46DC704FF4C0}
		{1BA191F2-B1B8-4396-910A-7CD2C9DCD24C} = {B071094A-34F0-4C76-829C-84D80EB6EC34}
		{DACF8F21-0EC4-490A-BE9E-59CC8833406A} = {1BA191F2-B1B8-4396-910A-7CD2C9DCD24C}
		{17DA2F71-9A97-49E3-B006-3B1DA05B52A4} = {1BA191F2-B1B8-4396-910A-7CD2C9DCD24C}
		{07E230E6-2E09-4DFB-BE35-D7E412121EEF} = {1BA191F2-B1B8-4396-910A-7CD2C9DCD24C}
		{EE66FC01-C88F-4948-908E-97A9A95B96C7} = {24B46B0D-EAAA-48F3-8C1F-79690CF67DEB}
		{DDC20F64-CDC7-4230-A868-29EE3F851E72} = {EE66FC01-C88F-4948-908E-97A9A95B96C7}
		{B7D27DDE-8D2B-4AAA-B9B2-4188DDC65E9E} = {EE66FC01-C88F-4948-908E-97A9A95B96C7}
		{F9E06706-37A0-4948-971F-EB7EC2FB6F58} = {98D6ED91-6D21-4774-BD63-1936F1069393}
		{743DCC2D-73DB-4F6F-B858-43F954E387F9} = {98D6ED91-6D21-4774-BD63-1936F1069393}
		{281E50D5-FC36-4C43-9FFE-99C264881C32} = {98D6ED91-6D21-4774-BD63-1936F1069393}
		{962D1F26-0975-464E-8566-1FBDA9F76D48} = {24B46B0D-EAAA-48F3-8C1F-79690CF67DEB}
		{3F8F3D9A-EAD2-4BC0-973B-E2D2A6FEA145} = {962D1F26-0975-464E-8566-1FBDA9F76D48}
		{0BA30C5A-C518-44F1-A10D-950443E09367} = {962D1F26-0975-464E-8566-1FBDA9F76D48}
	EndGlobalSection
	GlobalSection(ExtensibilityGlobals) = postSolution
		SolutionGuid = {05E0EAF5-0E0E-43F7-BA57-01D750D7D05B}
	EndGlobalSection
EndGlobal
